
Microsoft Visual Studio Solution File, Format Version 12.00
# Visual Studio Version 17
VisualStudioVersion = 17.8.34316.72
MinimumVisualStudioVersion = 10.0.40219.1
Project("{8BC9CEB8-8B4A-11D0-8D11-00A0C91BC942}") = "Engine", "Projects\Engine\Engine.vcxproj", "{86203E16-664A-4AD9-A6C7-09651327836F}"
EndProject
Project("{8BC9CEB8-8B4A-11D0-8D11-00A0C91BC942}") = "Client", "Projects\Client\Client.vcxproj", "{EA7F79CB-6F1E-4BBE-8E98-0B173BDDEF3F}"
	ProjectSection(ProjectDependencies) = postProject
		{02B302CC-EE3F-474C-B44E-6FB7276B8EB4} = {02B302CC-EE3F-474C-B44E-6FB7276B8EB4}
		{5F329848-90A9-4E5B-9E02-578CFC914010} = {5F329848-90A9-4E5B-9E02-578CFC914010}
		{86203E16-664A-4AD9-A6C7-09651327836F} = {86203E16-664A-4AD9-A6C7-09651327836F}
	EndProjectSection
EndProject
Project("{8BC9CEB8-8B4A-11D0-8D11-00A0C91BC942}") = "Scripts", "Projects\Scripts\Scripts.vcxproj", "{5F329848-90A9-4E5B-9E02-578CFC914010}"
	ProjectSection(ProjectDependencies) = postProject
		{02B302CC-EE3F-474C-B44E-6FB7276B8EB4} = {02B302CC-EE3F-474C-B44E-6FB7276B8EB4}
		{86203E16-664A-4AD9-A6C7-09651327836F} = {86203E16-664A-4AD9-A6C7-09651327836F}
	EndProjectSection
EndProject
Project("{8BC9CEB8-8B4A-11D0-8D11-00A0C91BC942}") = "States", "Projects\States\States.vcxproj", "{02B302CC-EE3F-474C-B44E-6FB7276B8EB4}"
	ProjectSection(ProjectDependencies) = postProject
		{86203E16-664A-4AD9-A6C7-09651327836F} = {86203E16-664A-4AD9-A6C7-09651327836F}
	EndProjectSection
EndProject
Global
	GlobalSection(SolutionConfigurationPlatforms) = preSolution
		Debug|x64 = Debug|x64
		Debug|x86 = Debug|x86
		Release|x64 = Release|x64
		Release|x86 = Release|x86
	EndGlobalSection
	GlobalSection(ProjectConfigurationPlatforms) = postSolution
		{86203E16-664A-4AD9-A6C7-09651327836F}.Debug|x64.ActiveCfg = Debug|x64
		{86203E16-664A-4AD9-A6C7-09651327836F}.Debug|x64.Build.0 = Debug|x64
		{86203E16-664A-4AD9-A6C7-09651327836F}.Debug|x86.ActiveCfg = Debug|Win32
		{86203E16-664A-4AD9-A6C7-09651327836F}.Debug|x86.Build.0 = Debug|Win32
		{86203E16-664A-4AD9-A6C7-09651327836F}.Release|x64.ActiveCfg = Release|x64
		{86203E16-664A-4AD9-A6C7-09651327836F}.Release|x64.Build.0 = Release|x64
		{86203E16-664A-4AD9-A6C7-09651327836F}.Release|x86.ActiveCfg = Release|Win32
		{86203E16-664A-4AD9-A6C7-09651327836F}.Release|x86.Build.0 = Release|Win32
		{EA7F79CB-6F1E-4BBE-8E98-0B173BDDEF3F}.Debug|x64.ActiveCfg = Debug|x64
		{EA7F79CB-6F1E-4BBE-8E98-0B173BDDEF3F}.Debug|x64.Build.0 = Debug|x64
		{EA7F79CB-6F1E-4BBE-8E98-0B173BDDEF3F}.Debug|x86.ActiveCfg = Debug|Win32
		{EA7F79CB-6F1E-4BBE-8E98-0B173BDDEF3F}.Debug|x86.Build.0 = Debug|Win32
		{EA7F79CB-6F1E-4BBE-8E98-0B173BDDEF3F}.Release|x64.ActiveCfg = Release|x64
		{EA7F79CB-6F1E-4BBE-8E98-0B173BDDEF3F}.Release|x64.Build.0 = Release|x64
		{EA7F79CB-6F1E-4BBE-8E98-0B173BDDEF3F}.Release|x86.ActiveCfg = Release|Win32
		{EA7F79CB-6F1E-4BBE-8E98-0B173BDDEF3F}.Release|x86.Build.0 = Release|Win32
		{5F329848-90A9-4E5B-9E02-578CFC914010}.Debug|x64.ActiveCfg = Debug|x64
		{5F329848-90A9-4E5B-9E02-578CFC914010}.Debug|x64.Build.0 = Debug|x64
		{5F329848-90A9-4E5B-9E02-578CFC914010}.Debug|x86.ActiveCfg = Debug|Win32
		{5F329848-90A9-4E5B-9E02-578CFC914010}.Debug|x86.Build.0 = Debug|Win32
		{5F329848-90A9-4E5B-9E02-578CFC914010}.Release|x64.ActiveCfg = Release|x64
		{5F329848-90A9-4E5B-9E02-578CFC914010}.Release|x64.Build.0 = Release|x64
		{5F329848-90A9-4E5B-9E02-578CFC914010}.Release|x86.ActiveCfg = Release|Win32
		{5F329848-90A9-4E5B-9E02-578CFC914010}.Release|x86.Build.0 = Release|Win32
		{02B302CC-EE3F-474C-B44E-6FB7276B8EB4}.Debug|x64.ActiveCfg = Debug|x64
		{02B302CC-EE3F-474C-B44E-6FB7276B8EB4}.Debug|x64.Build.0 = Debug|x64
		{02B302CC-EE3F-474C-B44E-6FB7276B8EB4}.Debug|x86.ActiveCfg = Debug|Win32
		{02B302CC-EE3F-474C-B44E-6FB7276B8EB4}.Debug|x86.Build.0 = Debug|Win32
		{02B302CC-EE3F-474C-B44E-6FB7276B8EB4}.Release|x64.ActiveCfg = Release|x64
		{02B302CC-EE3F-474C-B44E-6FB7276B8EB4}.Release|x64.Build.0 = Release|x64
		{02B302CC-EE3F-474C-B44E-6FB7276B8EB4}.Release|x86.ActiveCfg = Release|Win32
		{02B302CC-EE3F-474C-B44E-6FB7276B8EB4}.Release|x86.Build.0 = Release|Win32
	EndGlobalSection
	GlobalSection(SolutionProperties) = preSolution
		HideSolutionNode = FALSE
	EndGlobalSection
	GlobalSection(ExtensibilityGlobals) = postSolution
		SolutionGuid = {77B6F96C-9E5B-4419-8BBF-5A46B13C693D}
	EndGlobalSection
EndGlobal
