<?xml version="1.0" encoding="utf-8"?>
<Project ToolsVersion="4.0" xmlns="http://schemas.microsoft.com/developer/msbuild/2003">
  <ItemGroup>
    <Filter Include="01. Header">
      <UniqueIdentifier>{928a7551-a1f5-4f04-a256-bbec5b09f517}</UniqueIdentifier>
    </Filter>
    <Filter Include="02. Engine">
      <UniqueIdentifier>{44542b26-491d-4875-8571-99c7459f127c}</UniqueIdentifier>
    </Filter>
    <Filter Include="03. Device">
      <UniqueIdentifier>{c656380a-7fa4-444c-8336-d0cf86aa8284}</UniqueIdentifier>
    </Filter>
    <Filter Include="Entity">
      <UniqueIdentifier>{47fb2a06-e8f4-4d1a-9637-bcba635bce7e}</UniqueIdentifier>
    </Filter>
    <Filter Include="Module">
      <UniqueIdentifier>{31b69475-96d0-4d9f-b8fd-a93fadd0541e}</UniqueIdentifier>
    </Filter>
    <Filter Include="ShaderCode">
      <UniqueIdentifier>{f6ecbf87-aec0-483e-8671-604b21ce24d7}</UniqueIdentifier>
    </Filter>
    <Filter Include="05. Level">
      <UniqueIdentifier>{90acd756-40ef-4231-a61d-eb943bac273a}</UniqueIdentifier>
    </Filter>
    <Filter Include="04. Manager">
      <UniqueIdentifier>{b81ae2e1-8e03-4e11-8af4-dd90bfb31243}</UniqueIdentifier>
    </Filter>
    <Filter Include="04. Manager\KeyMgr">
      <UniqueIdentifier>{42079044-0e61-4791-a886-f487bdcc27c0}</UniqueIdentifier>
    </Filter>
    <Filter Include="04. Manager\PathMgr">
      <UniqueIdentifier>{a5bcf653-88e1-4054-9f0b-9eea04b2591b}</UniqueIdentifier>
    </Filter>
    <Filter Include="04. Manager\TimeMgr">
      <UniqueIdentifier>{36971790-6898-4d3c-acbf-a13c805c5ad2}</UniqueIdentifier>
    </Filter>
    <Filter Include="06. Asset">
      <UniqueIdentifier>{f2e94261-caaf-4b8a-b400-7356e44d7fdb}</UniqueIdentifier>
    </Filter>
    <Filter Include="07. GameObject">
      <UniqueIdentifier>{034493d9-256f-4c33-8158-900a7f309321}</UniqueIdentifier>
    </Filter>
    <Filter Include="08. Component">
      <UniqueIdentifier>{8e5f28a2-9bfb-4577-8571-1c3f48493125}</UniqueIdentifier>
    </Filter>
    <Filter Include="06. Asset\Mesh">
      <UniqueIdentifier>{dcc57d31-bc98-41ef-8828-d939a7a44697}</UniqueIdentifier>
    </Filter>
    <Filter Include="06. Asset\Shader">
      <UniqueIdentifier>{3e73b88d-188f-43c3-93f4-4364b6677dc9}</UniqueIdentifier>
    </Filter>
    <Filter Include="06. Asset\Shader\ComputeShader">
      <UniqueIdentifier>{17709c2c-9a7d-4a01-b6c5-a4bdc00f3921}</UniqueIdentifier>
    </Filter>
    <Filter Include="06. Asset\Shader\GraphicsShader">
      <UniqueIdentifier>{38b67aad-6daf-49a8-bc08-73c0cf59d118}</UniqueIdentifier>
    </Filter>
    <Filter Include="08. Component\01. Transform">
      <UniqueIdentifier>{af49a245-51d2-49d5-93d5-e89a9e2ad76d}</UniqueIdentifier>
    </Filter>
    <Filter Include="08. Component\RenderCompononet">
      <UniqueIdentifier>{62f87a22-2bb7-4d12-9344-55a670e0a7c9}</UniqueIdentifier>
    </Filter>
    <Filter Include="08. Component\02. Collider2D">
      <UniqueIdentifier>{65bc934a-46d2-4a89-add8-e8ab067f0133}</UniqueIdentifier>
    </Filter>
    <Filter Include="08. Component\RenderCompononet\01. MeshRender">
      <UniqueIdentifier>{1598c2fe-e99f-42c0-9663-acc5ca4999f9}</UniqueIdentifier>
    </Filter>
    <Filter Include="08. Component\RenderCompononet\02. TileMap">
      <UniqueIdentifier>{05d5a7a2-f2e1-44f2-a5cb-7f61521dd6f6}</UniqueIdentifier>
    </Filter>
    <Filter Include="08. Component\RenderCompononet\03. ParticleSystem">
      <UniqueIdentifier>{281d2209-6e73-4af9-b37f-0a337d34fbd0}</UniqueIdentifier>
    </Filter>
    <Filter Include="03. Device\ConstBuffer">
      <UniqueIdentifier>{af3038a9-979d-455e-8320-cab12fc4051b}</UniqueIdentifier>
    </Filter>
    <Filter Include="08. Component\Script">
      <UniqueIdentifier>{b15357e1-de41-4410-b194-a654220671b0}</UniqueIdentifier>
    </Filter>
    <Filter Include="04. Manager\AssetMgr">
      <UniqueIdentifier>{07056e9e-c7ce-4b51-adae-bfe8c8deb7e5}</UniqueIdentifier>
    </Filter>
    <Filter Include="04. Manager\LevelMgr">
      <UniqueIdentifier>{c0f3732d-ed78-433f-b761-e7463d63c3a6}</UniqueIdentifier>
    </Filter>
    <Filter Include="08. Component\08. Camera">
      <UniqueIdentifier>{b360927b-265c-4287-a021-639ac0f46d59}</UniqueIdentifier>
    </Filter>
    <Filter Include="06. Asset\Material">
      <UniqueIdentifier>{a165f601-af7f-4702-b4d6-7304ecd2cfa6}</UniqueIdentifier>
    </Filter>
    <Filter Include="06. Asset\Texture">
      <UniqueIdentifier>{13bd9428-1732-40ad-87c8-e75d2f22b6b9}</UniqueIdentifier>
    </Filter>
    <Filter Include="04. Manager\TaskMgr">
      <UniqueIdentifier>{ed82e763-be13-4982-9e82-a46ba417c5f7}</UniqueIdentifier>
    </Filter>
    <Filter Include="04. Manager\CGCMgr">
      <UniqueIdentifier>{9d20f400-e9f4-4c78-ae76-9d9f65770239}</UniqueIdentifier>
    </Filter>
    <Filter Include="08. Component\04. Animator2D">
      <UniqueIdentifier>{46db433b-6b40-41df-b469-9566577e8f08}</UniqueIdentifier>
    </Filter>
    <Filter Include="04. Manager\CollisionMgr">
      <UniqueIdentifier>{eef1aedc-2626-4499-b4fd-bc636a8d2677}</UniqueIdentifier>
    </Filter>
    <Filter Include="08. Component\04. Animator2D\Anim">
      <UniqueIdentifier>{07fe3dd9-e687-4e5c-925c-bf5591fddfce}</UniqueIdentifier>
    </Filter>
    <Filter Include="03. Device\StructuredBuffer">
      <UniqueIdentifier>{ee36e89b-264c-4b03-adfa-33dfa3b9a282}</UniqueIdentifier>
    </Filter>
    <Filter Include="08. Component\06. Light2D">
      <UniqueIdentifier>{a98c7733-349a-434b-a414-186c59b4df84}</UniqueIdentifier>
    </Filter>
    <Filter Include="Default">
      <UniqueIdentifier>{4FC737F1-C7A5-4376-A066-2A32D752A2FF}</UniqueIdentifier>
      <Extensions>cpp;c;cc;cxx;c++;cppm;ixx;def;odl;idl;hpj;bat;asm;asmx</Extensions>
    </Filter>
    <Filter Include="ShaderCode\Render">
      <UniqueIdentifier>{3bfd8957-07f8-4339-b1d0-56436c0fec12}</UniqueIdentifier>
    </Filter>
    <Filter Include="ShaderCode\Util">
      <UniqueIdentifier>{db2e13ee-af40-459a-91e7-e1c549b14517}</UniqueIdentifier>
    </Filter>
    <Filter Include="ShaderCode\Compute">
      <UniqueIdentifier>{60297f10-1d56-4b83-a5fa-c31c397263c9}</UniqueIdentifier>
    </Filter>
    <Filter Include="ShaderCode\Compute\SetColor">
      <UniqueIdentifier>{1fa72adc-dccd-4780-b9a9-54a9491b32d2}</UniqueIdentifier>
    </Filter>
    <Filter Include="ShaderCode\Compute\ParticleUpdate">
      <UniqueIdentifier>{130ce27a-db21-4da6-bafe-110a4e4295f7}</UniqueIdentifier>
    </Filter>
    <Filter Include="04. Manager\RenderMgr">
      <UniqueIdentifier>{f27e517c-96cd-487e-b8f0-11aba96b4c55}</UniqueIdentifier>
    </Filter>
    <Filter Include="06. Asset\Prefab">
      <UniqueIdentifier>{a35c5d0f-b2ec-4c9e-aaa3-b49c5ccedeb7}</UniqueIdentifier>
    </Filter>
    <Filter Include="06. Asset\Sound">
      <UniqueIdentifier>{9ee4de1a-2b1f-4d89-a3e0-6ab221eef9a4}</UniqueIdentifier>
    </Filter>
    <Filter Include="06. Asset\FSM">
      <UniqueIdentifier>{5676c3b2-e815-45ea-bd12-4362eab8a176}</UniqueIdentifier>
    </Filter>
    <Filter Include="06. Asset\FSM\State">
      <UniqueIdentifier>{5087b946-200e-4f91-bbe2-b0604bbe7421}</UniqueIdentifier>
    </Filter>
    <Filter Include="08. Component\09. StateMachine">
      <UniqueIdentifier>{4371007d-232f-4110-9612-4a058019b527}</UniqueIdentifier>
    </Filter>
    <Filter Include="Module\Blackboard">
      <UniqueIdentifier>{971621a9-3cd5-43b1-874e-80bea3110c16}</UniqueIdentifier>
    </Filter>
    <Filter Include="04. Manager\FontMgr">
      <UniqueIdentifier>{a137a050-0c4b-4408-8453-102dd363cfab}</UniqueIdentifier>
    </Filter>
    <Filter Include="08. Component\10. Movement">
      <UniqueIdentifier>{41c08561-c267-4d28-95ac-0d3cea834116}</UniqueIdentifier>
    </Filter>
    <Filter Include="ShaderCode\Compute\Bloom">
      <UniqueIdentifier>{4e9dd22d-2d04-4695-aa3d-8f5fe0c4b27c}</UniqueIdentifier>
    </Filter>
    <Filter Include="ShaderCode\Compute\Bloom\Scaling">
      <UniqueIdentifier>{f80d479e-6573-45df-bcf0-319b61139442}</UniqueIdentifier>
    </Filter>
    <Filter Include="ShaderCode\Compute\Bloom\Scaling\DownScaling">
      <UniqueIdentifier>{776f9849-05b9-4e1b-82b9-155a9ed639e4}</UniqueIdentifier>
    </Filter>
    <Filter Include="ShaderCode\Compute\Bloom\Scaling\UpScaling">
      <UniqueIdentifier>{5cc6758d-1764-46f6-af5f-6fabd5fe3133}</UniqueIdentifier>
    </Filter>
    <Filter Include="ShaderCode\Compute\Bloom\Bluring">
      <UniqueIdentifier>{00e12439-4ac1-4a4a-9d8c-c4dc99b25a56}</UniqueIdentifier>
    </Filter>
    <Filter Include="ShaderCode\Compute\Bloom\Bluring\BlurX">
      <UniqueIdentifier>{412b3215-9a70-483a-9927-bd0bbbce9129}</UniqueIdentifier>
    </Filter>
    <Filter Include="ShaderCode\Compute\Bloom\Bluring\BlurY">
      <UniqueIdentifier>{b2d34257-3efa-43aa-937a-cf842145f280}</UniqueIdentifier>
    </Filter>
    <Filter Include="ShaderCode\Compute\Bloom\Combine">
      <UniqueIdentifier>{b8fcd1b1-83b9-4339-b5f1-3d48002367c4}</UniqueIdentifier>
    </Filter>
  </ItemGroup>
  <ItemGroup>
    <ClInclude Include="framework.h">
      <Filter>Default</Filter>
    </ClInclude>
    <ClInclude Include="singleton.h">
      <Filter>01. Header</Filter>
    </ClInclude>
    <ClInclude Include="define.h">
      <Filter>01. Header</Filter>
    </ClInclude>
    <ClInclude Include="global.h">
      <Filter>01. Header</Filter>
    </ClInclude>
    <ClInclude Include="pch.h">
      <Filter>Default</Filter>
    </ClInclude>
    <ClInclude Include="CEngine.h">
      <Filter>02. Engine</Filter>
    </ClInclude>
    <ClInclude Include="struct.h">
      <Filter>01. Header</Filter>
    </ClInclude>
    <ClInclude Include="CDevice.h">
      <Filter>03. Device</Filter>
    </ClInclude>
    <ClInclude Include="RenderingTest.h" />
    <ClInclude Include="CEntity.h">
      <Filter>Entity</Filter>
    </ClInclude>
    <ClInclude Include="CLevel.h">
      <Filter>05. Level</Filter>
    </ClInclude>
    <ClInclude Include="CKeyMgr.h">
      <Filter>04. Manager\KeyMgr</Filter>
    </ClInclude>
    <ClInclude Include="CPathMgr.h">
      <Filter>04. Manager\PathMgr</Filter>
    </ClInclude>
    <ClInclude Include="CTimeMgr.h">
      <Filter>04. Manager\TimeMgr</Filter>
    </ClInclude>
    <ClInclude Include="SimpleMath.h">
      <Filter>Module</Filter>
    </ClInclude>
    <ClInclude Include="CAsset.h">
      <Filter>06. Asset</Filter>
    </ClInclude>
    <ClInclude Include="CMesh.h">
      <Filter>06. Asset\Mesh</Filter>
    </ClInclude>
    <ClInclude Include="CGraphicsShader.h">
      <Filter>06. Asset\Shader\GraphicsShader</Filter>
    </ClInclude>
    <ClInclude Include="CShader.h">
      <Filter>06. Asset\Shader</Filter>
    </ClInclude>
    <ClInclude Include="CGameObject.h">
      <Filter>07. GameObject</Filter>
    </ClInclude>
    <ClInclude Include="CComponent.h">
      <Filter>08. Component</Filter>
    </ClInclude>
    <ClInclude Include="CRenderComponent.h">
      <Filter>08. Component\RenderCompononet</Filter>
    </ClInclude>
    <ClInclude Include="CMeshRender.h">
      <Filter>08. Component\RenderCompononet\01. MeshRender</Filter>
    </ClInclude>
    <ClInclude Include="func.h">
      <Filter>01. Header</Filter>
    </ClInclude>
    <ClInclude Include="CConstBuffer.h">
      <Filter>03. Device\ConstBuffer</Filter>
    </ClInclude>
    <ClInclude Include="components.h">
      <Filter>01. Header</Filter>
    </ClInclude>
    <ClInclude Include="CScript.h">
      <Filter>08. Component\Script</Filter>
    </ClInclude>
    <ClInclude Include="CTransform.h">
      <Filter>08. Component\01. Transform</Filter>
    </ClInclude>
    <ClInclude Include="CLayer.h">
      <Filter>05. Level</Filter>
    </ClInclude>
    <ClInclude Include="CAssetMgr.h">
      <Filter>04. Manager\AssetMgr</Filter>
    </ClInclude>
    <ClInclude Include="CLevelMgr.h">
      <Filter>04. Manager\LevelMgr</Filter>
    </ClInclude>
    <ClInclude Include="CCamera.h">
      <Filter>08. Component\08. Camera</Filter>
    </ClInclude>
    <ClInclude Include="CTexture.h">
      <Filter>06. Asset\Texture</Filter>
    </ClInclude>
    <ClInclude Include="CTaskMgr.h">
      <Filter>04. Manager\TaskMgr</Filter>
    </ClInclude>
    <ClInclude Include="CGC.h">
      <Filter>04. Manager\CGCMgr</Filter>
    </ClInclude>
    <ClInclude Include="CMaterial.h">
      <Filter>06. Asset\Material</Filter>
    </ClInclude>
    <ClInclude Include="Ptr.h">
      <Filter>06. Asset</Filter>
    </ClInclude>
    <ClInclude Include="CRenderMgr.h">
      <Filter>04. Manager\RenderMgr</Filter>
    </ClInclude>
    <ClInclude Include="CCollider2D.h">
      <Filter>08. Component\02. Collider2D</Filter>
    </ClInclude>
    <ClInclude Include="CAnimator2D.h">
      <Filter>08. Component\04. Animator2D</Filter>
    </ClInclude>
    <ClInclude Include="CCollisionMgr.h">
      <Filter>04. Manager\CollisionMgr</Filter>
    </ClInclude>
    <ClInclude Include="CAnim.h">
      <Filter>08. Component\04. Animator2D\Anim</Filter>
    </ClInclude>
    <ClInclude Include="CStructuredBuffer.h">
      <Filter>03. Device\StructuredBuffer</Filter>
    </ClInclude>
    <ClInclude Include="CLight2D.h">
      <Filter>08. Component\06. Light2D</Filter>
    </ClInclude>
    <ClInclude Include="CTileMap.h">
      <Filter>08. Component\RenderCompononet\02. TileMap</Filter>
    </ClInclude>
    <ClInclude Include="CParticleSystem.h">
      <Filter>08. Component\RenderCompononet\03. ParticleSystem</Filter>
    </ClInclude>
    <ClInclude Include="CComputeShader.h">
      <Filter>06. Asset\Shader\ComputeShader</Filter>
    </ClInclude>
    <ClInclude Include="CSetColorShader.h">
      <Filter>ShaderCode\Compute\SetColor</Filter>
    </ClInclude>
    <ClInclude Include="CParticleUpdate.h">
      <Filter>ShaderCode\Compute\ParticleUpdate</Filter>
    </ClInclude>
    <ClInclude Include="CPrefab.h">
      <Filter>06. Asset\Prefab</Filter>
    </ClInclude>
    <ClInclude Include="CSound.h">
      <Filter>06. Asset\Sound</Filter>
    </ClInclude>
    <ClInclude Include="CFSM.h">
      <Filter>06. Asset\FSM</Filter>
    </ClInclude>
    <ClInclude Include="CState.h">
      <Filter>06. Asset\FSM\State</Filter>
    </ClInclude>
    <ClInclude Include="CStateMachine.h">
      <Filter>08. Component\09. StateMachine</Filter>
    </ClInclude>
    <ClInclude Include="CBlackboard.h">
      <Filter>Module\Blackboard</Filter>
    </ClInclude>
    <ClInclude Include="CFontMgr.h">
      <Filter>04. Manager\FontMgr</Filter>
    </ClInclude>
    <ClInclude Include="CMovement.h">
      <Filter>08. Component\10. Movement</Filter>
    </ClInclude>
    <ClInclude Include="CBloomUpScaling.h">
      <Filter>ShaderCode\Compute\Bloom\Scaling\UpScaling</Filter>
    </ClInclude>
    <ClInclude Include="CBloomDownScaling.h">
      <Filter>ShaderCode\Compute\Bloom\Scaling\DownScaling</Filter>
    </ClInclude>
    <ClInclude Include="CBloomCombine.h">
      <Filter>ShaderCode\Compute\Bloom\Combine</Filter>
    </ClInclude>
    <ClInclude Include="CBloomBluringY.h">
      <Filter>ShaderCode\Compute\Bloom\Bluring\BlurY</Filter>
    </ClInclude>
    <ClInclude Include="CBloomBluringX.h">
      <Filter>ShaderCode\Compute\Bloom\Bluring\BlurX</Filter>
    </ClInclude>
    <ClInclude Include="CBlurX.h">
      <Filter>ShaderCode\Compute\Bloom\Bluring\BlurX</Filter>
    </ClInclude>
    <ClInclude Include="CBlurY.h">
      <Filter>ShaderCode\Compute\Bloom\Bluring\BlurY</Filter>
    </ClInclude>
    <ClInclude Include="CCombine.h">
      <Filter>ShaderCode\Compute\Bloom\Combine</Filter>
    </ClInclude>
    <ClInclude Include="CUpsampling.h">
      <Filter>ShaderCode\Compute\Bloom\Scaling\UpScaling</Filter>
    </ClInclude>
    <ClInclude Include="CDownSampling.h">
      <Filter>ShaderCode\Compute\Bloom\Scaling\DownScaling</Filter>
    </ClInclude>
  </ItemGroup>
  <ItemGroup>
    <ClCompile Include="Engine.cpp">
      <Filter>Default</Filter>
    </ClCompile>
    <ClCompile Include="pch.cpp">
      <Filter>Default</Filter>
    </ClCompile>
    <ClCompile Include="CEngine.cpp">
      <Filter>02. Engine</Filter>
    </ClCompile>
    <ClCompile Include="CDevice.cpp">
      <Filter>03. Device</Filter>
    </ClCompile>
    <ClCompile Include="RenderingTest.cpp" />
    <ClCompile Include="CEntity.cpp">
      <Filter>Entity</Filter>
    </ClCompile>
    <ClCompile Include="CLevel.cpp">
      <Filter>05. Level</Filter>
    </ClCompile>
    <ClCompile Include="CKeyMgr.cpp">
      <Filter>04. Manager\KeyMgr</Filter>
    </ClCompile>
    <ClCompile Include="CPathMgr.cpp">
      <Filter>04. Manager\PathMgr</Filter>
    </ClCompile>
    <ClCompile Include="CTimeMgr.cpp">
      <Filter>04. Manager\TimeMgr</Filter>
    </ClCompile>
    <ClCompile Include="CAsset.cpp">
      <Filter>06. Asset</Filter>
    </ClCompile>
    <ClCompile Include="CMesh.cpp">
      <Filter>06. Asset\Mesh</Filter>
    </ClCompile>
    <ClCompile Include="CGraphicsShader.cpp">
      <Filter>06. Asset\Shader\GraphicsShader</Filter>
    </ClCompile>
    <ClCompile Include="CShader.cpp">
      <Filter>06. Asset\Shader</Filter>
    </ClCompile>
    <ClCompile Include="CGameObject.cpp">
      <Filter>07. GameObject</Filter>
    </ClCompile>
    <ClCompile Include="CComponent.cpp">
      <Filter>08. Component</Filter>
    </ClCompile>
    <ClCompile Include="CRenderComponent.cpp">
      <Filter>08. Component\RenderCompononet</Filter>
    </ClCompile>
    <ClCompile Include="CMeshRender.cpp">
      <Filter>08. Component\RenderCompononet\01. MeshRender</Filter>
    </ClCompile>
    <ClCompile Include="CConstBuffer.cpp">
      <Filter>03. Device\ConstBuffer</Filter>
    </ClCompile>
    <ClCompile Include="CScript.cpp">
      <Filter>08. Component\Script</Filter>
    </ClCompile>
    <ClCompile Include="CTransform.cpp">
      <Filter>08. Component\01. Transform</Filter>
    </ClCompile>
    <ClCompile Include="CLayer.cpp">
      <Filter>05. Level</Filter>
    </ClCompile>
    <ClCompile Include="CAssetMgr.cpp">
      <Filter>04. Manager\AssetMgr</Filter>
    </ClCompile>
    <ClCompile Include="CLevelMgr.cpp">
      <Filter>04. Manager\LevelMgr</Filter>
    </ClCompile>
    <ClCompile Include="CCamera.cpp">
      <Filter>08. Component\08. Camera</Filter>
    </ClCompile>
    <ClCompile Include="extern.cpp">
      <Filter>01. Header</Filter>
    </ClCompile>
    <ClCompile Include="CTexture.cpp">
      <Filter>06. Asset\Texture</Filter>
    </ClCompile>
    <ClCompile Include="func.cpp">
      <Filter>01. Header</Filter>
    </ClCompile>
    <ClCompile Include="CTaskMgr.cpp">
      <Filter>04. Manager\TaskMgr</Filter>
    </ClCompile>
    <ClCompile Include="CGC.cpp">
      <Filter>04. Manager\CGCMgr</Filter>
    </ClCompile>
    <ClCompile Include="CMaterial.cpp">
      <Filter>06. Asset\Material</Filter>
    </ClCompile>
    <ClCompile Include="CRenderMgr.cpp">
      <Filter>04. Manager\RenderMgr</Filter>
    </ClCompile>
    <ClCompile Include="CRenderMgr_init.cpp">
      <Filter>04. Manager\RenderMgr</Filter>
    </ClCompile>
    <ClCompile Include="CCollider2D.cpp">
      <Filter>08. Component\02. Collider2D</Filter>
    </ClCompile>
    <ClCompile Include="CAnimator2D.cpp">
      <Filter>08. Component\04. Animator2D</Filter>
    </ClCompile>
    <ClCompile Include="CCollisionMgr.cpp">
      <Filter>04. Manager\CollisionMgr</Filter>
    </ClCompile>
    <ClCompile Include="CAnim.cpp">
      <Filter>08. Component\04. Animator2D\Anim</Filter>
    </ClCompile>
    <ClCompile Include="CStructuredBuffer.cpp">
      <Filter>03. Device\StructuredBuffer</Filter>
    </ClCompile>
    <ClCompile Include="CLight2D.cpp">
      <Filter>08. Component\06. Light2D</Filter>
    </ClCompile>
    <ClCompile Include="CAssetMgr_init.cpp">
      <Filter>04. Manager\AssetMgr</Filter>
    </ClCompile>
    <ClCompile Include="CTileMap.cpp">
      <Filter>08. Component\RenderCompononet\02. TileMap</Filter>
    </ClCompile>
    <ClCompile Include="CParticleSystem.cpp">
      <Filter>08. Component\RenderCompononet\03. ParticleSystem</Filter>
    </ClCompile>
    <ClCompile Include="CComputeShader.cpp">
      <Filter>06. Asset\Shader\ComputeShader</Filter>
    </ClCompile>
    <ClCompile Include="CSetColorShader.cpp">
      <Filter>ShaderCode\Compute\SetColor</Filter>
    </ClCompile>
    <ClCompile Include="CParticleUpdate.cpp">
      <Filter>ShaderCode\Compute\ParticleUpdate</Filter>
    </ClCompile>
    <ClCompile Include="CPrefab.cpp">
      <Filter>06. Asset\Prefab</Filter>
    </ClCompile>
    <ClCompile Include="CSound.cpp">
      <Filter>06. Asset\Sound</Filter>
    </ClCompile>
    <ClCompile Include="CFSM.cpp">
      <Filter>06. Asset\FSM</Filter>
    </ClCompile>
    <ClCompile Include="CState.cpp">
      <Filter>06. Asset\FSM\State</Filter>
    </ClCompile>
    <ClCompile Include="CStateMachine.cpp">
      <Filter>08. Component\09. StateMachine</Filter>
    </ClCompile>
    <ClCompile Include="CBlackboard.cpp">
      <Filter>Module\Blackboard</Filter>
    </ClCompile>
    <ClCompile Include="CFontMgr.cpp">
      <Filter>04. Manager\FontMgr</Filter>
    </ClCompile>
    <ClCompile Include="CMovement.cpp">
      <Filter>08. Component\10. Movement</Filter>
    </ClCompile>
    <ClCompile Include="CBloomUpScaling.cpp">
      <Filter>ShaderCode\Compute\Bloom\Scaling\UpScaling</Filter>
    </ClCompile>
    <ClCompile Include="CBloomDownScaling.cpp">
      <Filter>ShaderCode\Compute\Bloom\Scaling\DownScaling</Filter>
    </ClCompile>
    <ClCompile Include="CBloomCombine.cpp">
      <Filter>ShaderCode\Compute\Bloom\Combine</Filter>
    </ClCompile>
    <ClCompile Include="CBloomBluringY.cpp">
      <Filter>ShaderCode\Compute\Bloom\Bluring\BlurY</Filter>
    </ClCompile>
    <ClCompile Include="CBloomBluringX.cpp">
      <Filter>ShaderCode\Compute\Bloom\Bluring\BlurX</Filter>
    </ClCompile>
    <ClCompile Include="CBlurX.cpp">
      <Filter>ShaderCode\Compute\Bloom\Bluring\BlurX</Filter>
    </ClCompile>
    <ClCompile Include="CBlurY.cpp">
      <Filter>ShaderCode\Compute\Bloom\Bluring\BlurY</Filter>
    </ClCompile>
    <ClCompile Include="CCombine.cpp">
      <Filter>ShaderCode\Compute\Bloom\Combine</Filter>
    </ClCompile>
    <ClCompile Include="CUpsampling.cpp">
      <Filter>ShaderCode\Compute\Bloom\Scaling\UpScaling</Filter>
    </ClCompile>
    <ClCompile Include="CDownSampling.cpp">
      <Filter>ShaderCode\Compute\Bloom\Scaling\DownScaling</Filter>
    </ClCompile>
  </ItemGroup>
  <ItemGroup>
    <FxCompile Include="UI.fx">
      <Filter>ShaderCode\Render</Filter>
    </FxCompile>
    <FxCompile Include="std2d.fx">
      <Filter>ShaderCode\Render</Filter>
    </FxCompile>
    <FxCompile Include="debug.fx">
      <Filter>ShaderCode\Render</Filter>
    </FxCompile>
    <FxCompile Include="func.fx">
      <Filter>ShaderCode\Util</Filter>
    </FxCompile>
    <FxCompile Include="struct.fx">
      <Filter>ShaderCode\Util</Filter>
    </FxCompile>
    <FxCompile Include="value.fx">
      <Filter>ShaderCode\Util</Filter>
    </FxCompile>
    <FxCompile Include="tilemap.fx">
      <Filter>ShaderCode\Render</Filter>
    </FxCompile>
    <FxCompile Include="setcolor.fx">
      <Filter>ShaderCode\Compute\SetColor</Filter>
    </FxCompile>
    <FxCompile Include="particle.fx">
      <Filter>ShaderCode\Render</Filter>
    </FxCompile>
    <FxCompile Include="particle_update.fx">
      <Filter>ShaderCode\Compute\ParticleUpdate</Filter>
    </FxCompile>
    <FxCompile Include="postprocess.fx">
      <Filter>ShaderCode\Render</Filter>
    </FxCompile>
    <FxCompile Include="blurx.fx">
      <Filter>ShaderCode\Compute\Bloom\Bluring\BlurX</Filter>
    </FxCompile>
    <FxCompile Include="blury.fx">
      <Filter>ShaderCode\Compute\Bloom\Bluring\BlurY</Filter>
    </FxCompile>
    <FxCompile Include="combind.fx">
      <Filter>ShaderCode\Compute\Bloom\Combine</Filter>
    </FxCompile>
    <FxCompile Include="upsampling.fx">
      <Filter>ShaderCode\Compute\Bloom\Scaling\UpScaling</Filter>
    </FxCompile>
    <FxCompile Include="downsampling.fx">
      <Filter>ShaderCode\Compute\Bloom\Scaling\DownScaling</Filter>
    </FxCompile>
    <FxCompile Include="std2d_glow.fx">
      <Filter>ShaderCode\Render</Filter>
    </FxCompile>
  </ItemGroup>
  <ItemGroup>
    <None Include="SimpleMath.inl">
      <Filter>Module</Filter>
    </None>
  </ItemGroup>
</Project>