<?xml version="1.0" encoding="utf-8"?>
<Project ToolsVersion="4.0" xmlns="http://schemas.microsoft.com/developer/msbuild/2003">
  <ItemGroup>
    <ClInclude Include="framework.h">
      <Filter>Default</Filter>
    </ClInclude>
    <ClInclude Include="pch.h">
      <Filter>Default</Filter>
    </ClInclude>
    <ClInclude Include="CScriptMgr.h">
      <Filter>ScriptMgr</Filter>
    </ClInclude>
    <ClInclude Include="CMissileScript_Test.h">
      <Filter>Scripts\Dummy</Filter>
    </ClInclude>
    <ClInclude Include="CMonsterScript_Test.h">
      <Filter>Scripts\Dummy</Filter>
    </ClInclude>
    <ClInclude Include="CPlayerScript_Test.h">
      <Filter>Scripts\Dummy</Filter>
    </ClInclude>
    <ClInclude Include="CPlayerScript.h">
      <Filter>Scripts\Unit</Filter>
    </ClInclude>
    <ClInclude Include="CPlayerMgr.h">
      <Filter>Scripts\Manager\PlayerMgr</Filter>
    </ClInclude>
    <ClInclude Include="CGameMgr.h">
      <Filter>Scripts\Manager\GameMgr</Filter>
    </ClInclude>
  </ItemGroup>
  <ItemGroup>
    <ClCompile Include="pch.cpp">
      <Filter>Default</Filter>
    </ClCompile>
    <ClCompile Include="Scripts.cpp">
      <Filter>Default</Filter>
    </ClCompile>
    <ClCompile Include="CScriptMgr.cpp">
      <Filter>ScriptMgr</Filter>
    </ClCompile>
    <ClCompile Include="CMissileScript_Test.cpp">
      <Filter>Scripts\Dummy</Filter>
    </ClCompile>
    <ClCompile Include="CMonsterScript_Test.cpp">
      <Filter>Scripts\Dummy</Filter>
    </ClCompile>
    <ClCompile Include="CPlayerScript_Test.cpp">
      <Filter>Scripts\Dummy</Filter>
    </ClCompile>
    <ClCompile Include="CPlayerScript.cpp">
      <Filter>Scripts\Unit</Filter>
    </ClCompile>
    <ClCompile Include="CPlayerMgr.cpp">
      <Filter>Scripts\Manager\PlayerMgr</Filter>
    </ClCompile>
    <ClCompile Include="CGameMgr.cpp">
      <Filter>Scripts\Manager\GameMgr</Filter>
    </ClCompile>
  </ItemGroup>
  <ItemGroup>
    <Filter Include="Default">
      <UniqueIdentifier>{4f2f6642-c0f0-494a-9d81-0124398fdb95}</UniqueIdentifier>
    </Filter>
    <Filter Include="Scripts">
      <UniqueIdentifier>{af5c3808-4d30-476b-b2ab-d844558017d2}</UniqueIdentifier>
    </Filter>
    <Filter Include="ScriptMgr">
      <UniqueIdentifier>{7145593e-0694-420e-a0e1-38eef2e47fb4}</UniqueIdentifier>
    </Filter>
    <Filter Include="Scripts\Dummy">
      <UniqueIdentifier>{1f12f475-b2cb-4dd4-84e6-e282ced10a1d}</UniqueIdentifier>
    </Filter>
    <Filter Include="State">
      <UniqueIdentifier>{0ed44883-8b47-4f02-afc8-115965b6b6e2}</UniqueIdentifier>
    </Filter>
    <Filter Include="Scripts\Unit">
      <UniqueIdentifier>{4df81294-5a06-45c1-8ba4-413d46147310}</UniqueIdentifier>
    </Filter>
    <Filter Include="Scripts\Manager">
      <UniqueIdentifier>{185fe919-7162-4950-afec-c5f831d3da43}</UniqueIdentifier>
    </Filter>
    <Filter Include="Scripts\Manager\PlayerMgr">
      <UniqueIdentifier>{84a441f0-289c-4f18-8f0d-575f4497fc46}</UniqueIdentifier>
    </Filter>
    <Filter Include="Scripts\Manager\GameMgr">
      <UniqueIdentifier>{c235a9f8-27d7-4685-91fc-666ce864f0c1}</UniqueIdentifier>
    </Filter>
  </ItemGroup>
</Project>