<?xml version="1.0" encoding="utf-8"?>
<Project ToolsVersion="4.0" xmlns="http://schemas.microsoft.com/developer/msbuild/2003">
  <ItemGroup>
    <ClInclude Include="framework.h">
      <Filter>Default</Filter>
    </ClInclude>
    <ClInclude Include="pch.h">
      <Filter>Default</Filter>
    </ClInclude>
    <ClInclude Include="CScriptMgr.h">
      <Filter>Manager\_ScriptMgr</Filter>
    </ClInclude>
    <ClInclude Include="CMissileScript_Test.h">
      <Filter>Dummy</Filter>
    </ClInclude>
    <ClInclude Include="CMonsterScript_Test.h">
      <Filter>Dummy</Filter>
    </ClInclude>
    <ClInclude Include="CPlayerScript_Test.h">
      <Filter>Dummy</Filter>
    </ClInclude>
    <ClInclude Include="CPlayerMgr.h">
      <Filter>Manager\PlayerMgr</Filter>
    </ClInclude>
    <ClInclude Include="CGameMgr.h">
      <Filter>Manager\GameMgr</Filter>
    </ClInclude>
    <ClInclude Include="CPlayerScript.h">
      <Filter>Scripts\Obj\Unit\Player</Filter>
    </ClInclude>
    <ClInclude Include="CUnitScript.h">
      <Filter>Scripts\Obj\Unit</Filter>
    </ClInclude>
    <ClInclude Include="CCornerTriggerScript.h">
      <Filter>Scripts\Function\Platform\CornerTrigger</Filter>
    </ClInclude>
    <ClInclude Include="CWallScript.h">
      <Filter>Scripts\Function\Platform\Wall</Filter>
    </ClInclude>
    <ClInclude Include="CHitboxScript.h">
      <Filter>Scripts\Function\Hitbox</Filter>
    </ClInclude>
    <ClInclude Include="struct.h">
      <Filter>Header</Filter>
    </ClInclude>
    <ClInclude Include="define.h">
      <Filter>Header</Filter>
    </ClInclude>
    <ClInclude Include="global.h">
      <Filter>Header</Filter>
    </ClInclude>
    <ClInclude Include="CMonsterScript.h">
      <Filter>Scripts\Obj\Unit\Enemy</Filter>
    </ClInclude>
    <ClInclude Include="CBloomScript.h">
      <Filter>Scripts\Effect\Bloom</Filter>
    </ClInclude>
    <ClInclude Include="CKoTSpear_ProjScript.h">
      <Filter>Scripts\Obj\KoTSpear_Proj</Filter>
    </ClInclude>
    <ClInclude Include="CParallelScript.h">
      <Filter>Scripts\Effect\Parallel</Filter>
    </ClInclude>
    <ClInclude Include="CCamCtrlScript.h">
      <Filter>Scripts\Function\CameraController</Filter>
    </ClInclude>
    <ClInclude Include="CRotateScript.h">
      <Filter>Scripts\Function\Rotate</Filter>
    </ClInclude>
    <ClInclude Include="CElevatorScript.h">
      <Filter>Scripts\Obj\Elevator</Filter>
    </ClInclude>
    <ClInclude Include="CProgressBarScript.h">
      <Filter>Scripts\UI\ProgressBar</Filter>
    </ClInclude>
    <ClInclude Include="CProgress_PlayerHP.h">
      <Filter>Scripts\UI\ProgressBar\PlayerHP</Filter>
    </ClInclude>
    <ClInclude Include="CProgress_PlayerMP.h">
      <Filter>Scripts\UI\ProgressBar\PlayerMP</Filter>
    </ClInclude>
    <ClInclude Include="CProgress_PlayerHP_Active.h">
      <Filter>Scripts\UI\ProgressBar\PlayerHP_Active</Filter>
    </ClInclude>
    <ClInclude Include="CGaugeScript.h">
      <Filter>Scripts\UI\Guage</Filter>
    </ClInclude>
    <ClInclude Include="CInvenMgr.h">
      <Filter>Manager\InvenMgr</Filter>
    </ClInclude>
    <ClInclude Include="CTitleMgr.h">
      <Filter>Manager\TitleMgr</Filter>
    </ClInclude>
    <ClInclude Include="CLevelMgrScript_W09_Field1.h" />
  </ItemGroup>
  <ItemGroup>
    <ClCompile Include="pch.cpp">
      <Filter>Default</Filter>
    </ClCompile>
    <ClCompile Include="Scripts.cpp">
      <Filter>Default</Filter>
    </ClCompile>
    <ClCompile Include="CScriptMgr.cpp">
      <Filter>Manager\_ScriptMgr</Filter>
    </ClCompile>
    <ClCompile Include="CMissileScript_Test.cpp">
      <Filter>Dummy</Filter>
    </ClCompile>
    <ClCompile Include="CMonsterScript_Test.cpp">
      <Filter>Dummy</Filter>
    </ClCompile>
    <ClCompile Include="CPlayerScript_Test.cpp">
      <Filter>Dummy</Filter>
    </ClCompile>
    <ClCompile Include="CPlayerMgr.cpp">
      <Filter>Manager\PlayerMgr</Filter>
    </ClCompile>
    <ClCompile Include="CGameMgr.cpp">
      <Filter>Manager\GameMgr</Filter>
    </ClCompile>
    <ClCompile Include="CPlayerScript.cpp">
      <Filter>Scripts\Obj\Unit\Player</Filter>
    </ClCompile>
    <ClCompile Include="CUnitScript.cpp">
      <Filter>Scripts\Obj\Unit</Filter>
    </ClCompile>
    <ClCompile Include="CCornerTriggerScript.cpp">
      <Filter>Scripts\Function\Platform\CornerTrigger</Filter>
    </ClCompile>
    <ClCompile Include="CWallScript.cpp">
      <Filter>Scripts\Function\Platform\Wall</Filter>
    </ClCompile>
    <ClCompile Include="CHitboxScript.cpp">
      <Filter>Scripts\Function\Hitbox</Filter>
    </ClCompile>
    <ClCompile Include="extern.cpp">
      <Filter>Header</Filter>
    </ClCompile>
    <ClCompile Include="CMonsterScript.cpp">
      <Filter>Scripts\Obj\Unit\Enemy</Filter>
    </ClCompile>
    <ClCompile Include="CBloomScript.cpp">
      <Filter>Scripts\Effect\Bloom</Filter>
    </ClCompile>
    <ClCompile Include="CKoTSpear_ProjScript.cpp">
      <Filter>Scripts\Obj\KoTSpear_Proj</Filter>
    </ClCompile>
    <ClCompile Include="CParallelScript.cpp">
      <Filter>Scripts\Effect\Parallel</Filter>
    </ClCompile>
    <ClCompile Include="CCamCtrlScript.cpp">
      <Filter>Scripts\Function\CameraController</Filter>
    </ClCompile>
    <ClCompile Include="CRotateScript.cpp">
      <Filter>Scripts\Function\Rotate</Filter>
    </ClCompile>
    <ClCompile Include="CElevatorScript.cpp">
      <Filter>Scripts\Obj\Elevator</Filter>
    </ClCompile>
    <ClCompile Include="CProgressBarScript.cpp">
      <Filter>Scripts\UI\ProgressBar</Filter>
    </ClCompile>
    <ClCompile Include="CProgress_PlayerHP.cpp">
      <Filter>Scripts\UI\ProgressBar\PlayerHP</Filter>
    </ClCompile>
    <ClCompile Include="CProgress_PlayerMP.cpp">
      <Filter>Scripts\UI\ProgressBar\PlayerMP</Filter>
    </ClCompile>
    <ClCompile Include="CProgress_PlayerHP_Active.cpp">
      <Filter>Scripts\UI\ProgressBar\PlayerHP_Active</Filter>
    </ClCompile>
    <ClCompile Include="CGaugeScript.cpp">
      <Filter>Scripts\UI\Guage</Filter>
    </ClCompile>
    <ClCompile Include="CInvenMgr.cpp">
      <Filter>Manager\InvenMgr</Filter>
    </ClCompile>
    <ClCompile Include="CTitleMgr.cpp">
      <Filter>Manager\TitleMgr</Filter>
    </ClCompile>
    <ClCompile Include="CLevelMgrScript_W09_Field1.cpp" />
  </ItemGroup>
  <ItemGroup>
    <Filter Include="Default">
      <UniqueIdentifier>{4f2f6642-c0f0-494a-9d81-0124398fdb95}</UniqueIdentifier>
    </Filter>
    <Filter Include="Scripts">
      <UniqueIdentifier>{af5c3808-4d30-476b-b2ab-d844558017d2}</UniqueIdentifier>
    </Filter>
    <Filter Include="Header">
      <UniqueIdentifier>{1dbd8512-ef06-48d5-a44c-5f1357a8e0a9}</UniqueIdentifier>
    </Filter>
    <Filter Include="Manager">
      <UniqueIdentifier>{185fe919-7162-4950-afec-c5f831d3da43}</UniqueIdentifier>
    </Filter>
    <Filter Include="Manager\PlayerMgr">
      <UniqueIdentifier>{84a441f0-289c-4f18-8f0d-575f4497fc46}</UniqueIdentifier>
    </Filter>
    <Filter Include="Manager\GameMgr">
      <UniqueIdentifier>{c235a9f8-27d7-4685-91fc-666ce864f0c1}</UniqueIdentifier>
    </Filter>
    <Filter Include="Dummy">
      <UniqueIdentifier>{1f12f475-b2cb-4dd4-84e6-e282ced10a1d}</UniqueIdentifier>
    </Filter>
    <Filter Include="Scripts\Obj">
      <UniqueIdentifier>{8b7e4a8f-05c1-4350-aa7e-ef2c6aec4b40}</UniqueIdentifier>
    </Filter>
    <Filter Include="Scripts\Obj\Elevator">
      <UniqueIdentifier>{1bd77d6d-4765-4a36-939c-53294dc58074}</UniqueIdentifier>
    </Filter>
    <Filter Include="Scripts\Obj\KoTSpear_Proj">
      <UniqueIdentifier>{2a696216-48da-4dab-add9-7c6b1827e920}</UniqueIdentifier>
    </Filter>
    <Filter Include="Scripts\Obj\Unit">
      <UniqueIdentifier>{4df81294-5a06-45c1-8ba4-413d46147310}</UniqueIdentifier>
    </Filter>
    <Filter Include="Scripts\Obj\Unit\Player">
      <UniqueIdentifier>{1cf859de-d203-4603-b5a9-56d36a4a181d}</UniqueIdentifier>
    </Filter>
    <Filter Include="Scripts\Obj\Unit\Enemy">
      <UniqueIdentifier>{df411cb7-8c48-41e0-9b91-12d74bfb26bc}</UniqueIdentifier>
    </Filter>
    <Filter Include="Manager\_ScriptMgr">
      <UniqueIdentifier>{7145593e-0694-420e-a0e1-38eef2e47fb4}</UniqueIdentifier>
    </Filter>
    <Filter Include="Scripts\UI">
      <UniqueIdentifier>{759b15c4-d2d2-4ab1-944a-f65aa2cfd8e9}</UniqueIdentifier>
    </Filter>
    <Filter Include="Scripts\UI\ProgressBar">
      <UniqueIdentifier>{746592a5-82cd-4a45-8c3e-87a5a88f47b6}</UniqueIdentifier>
    </Filter>
    <Filter Include="Scripts\Effect">
      <UniqueIdentifier>{93a24031-3f4d-471b-a8b0-7ad7884f0591}</UniqueIdentifier>
    </Filter>
    <Filter Include="Scripts\Effect\Parallel">
      <UniqueIdentifier>{ecd77797-454e-4f50-87bd-b0102d85c537}</UniqueIdentifier>
    </Filter>
    <Filter Include="Scripts\Effect\Bloom">
      <UniqueIdentifier>{658e2ef6-0b3e-4ac6-b3e6-1672e626ba6d}</UniqueIdentifier>
    </Filter>
    <Filter Include="Scripts\Function">
      <UniqueIdentifier>{fcf1a2ee-7551-460c-948d-27093e4ccac2}</UniqueIdentifier>
    </Filter>
    <Filter Include="Scripts\Function\Hitbox">
      <UniqueIdentifier>{7c6846e7-de7b-4d68-ae64-1bf533dca3f8}</UniqueIdentifier>
    </Filter>
    <Filter Include="Scripts\Function\CameraController">
      <UniqueIdentifier>{f23c0f35-4bc1-4d7c-9ea6-e6c4e53e5e28}</UniqueIdentifier>
    </Filter>
    <Filter Include="Scripts\Function\Rotate">
      <UniqueIdentifier>{944e65a0-96cc-4079-b138-49e0b8f79d72}</UniqueIdentifier>
    </Filter>
    <Filter Include="Scripts\Function\Platform">
      <UniqueIdentifier>{d46e05a9-6414-4df5-89a5-87891d19d720}</UniqueIdentifier>
    </Filter>
    <Filter Include="Scripts\Function\Platform\Wall">
      <UniqueIdentifier>{a61668dc-6eb2-4d51-89a9-622314d2740b}</UniqueIdentifier>
    </Filter>
    <Filter Include="Scripts\Function\Platform\CornerTrigger">
      <UniqueIdentifier>{bba47db1-2fb4-4b4c-8d5f-2b6e55d10296}</UniqueIdentifier>
    </Filter>
    <Filter Include="Scripts\UI\ProgressBar\PlayerHP">
      <UniqueIdentifier>{d0b67e77-4610-46dd-83d3-f5b9f877b1cc}</UniqueIdentifier>
    </Filter>
    <Filter Include="Scripts\UI\ProgressBar\PlayerMP">
      <UniqueIdentifier>{08c39729-e6bf-4afa-acfa-d3f7b11f6073}</UniqueIdentifier>
    </Filter>
    <Filter Include="Scripts\UI\ProgressBar\PlayerHP_Active">
      <UniqueIdentifier>{13f7d2f4-876b-45e0-982b-132f17ac9694}</UniqueIdentifier>
    </Filter>
    <Filter Include="Manager\InvenMgr">
      <UniqueIdentifier>{c7dc70db-a830-4b8b-9128-7dd0d808c3f6}</UniqueIdentifier>
    </Filter>
    <Filter Include="Scripts\UI\Guage">
      <UniqueIdentifier>{57587d79-e9ca-4bb5-bb1e-6242d92bb87b}</UniqueIdentifier>
    </Filter>
    <Filter Include="Manager\TitleMgr">
      <UniqueIdentifier>{bbb1656e-dced-4492-802e-53a3d5cd6c26}</UniqueIdentifier>
    </Filter>
    <Filter Include="Manager\GameMgr\Field1">
      <UniqueIdentifier>{f8ca412e-e5a7-4c08-a3f1-8398125111d4}</UniqueIdentifier>
    </Filter>
    <Filter Include="Manager\GameMgr\Miniboss">
      <UniqueIdentifier>{a7d8ba5d-d1fe-4ba0-b8e4-9848e1283465}</UniqueIdentifier>
    </Filter>
    <Filter Include="Manager\GameMgr\Boss_Time">
      <UniqueIdentifier>{7c9b5e10-42ef-44df-83e1-a6253e6c08c3}</UniqueIdentifier>
    </Filter>
    <Filter Include="Manager\GameMgr\Boss_Life">
      <UniqueIdentifier>{e6e48fb5-4bc4-427d-bf25-e87fc128a201}</UniqueIdentifier>
    </Filter>
  </ItemGroup>
</Project>