<?xml version="1.0" encoding="utf-8"?>
<Project ToolsVersion="4.0" xmlns="http://schemas.microsoft.com/developer/msbuild/2003">
  <ItemGroup>
    <ClInclude Include="framework.h">
      <Filter>Default</Filter>
    </ClInclude>
    <ClInclude Include="pch.h">
      <Filter>Default</Filter>
    </ClInclude>
    <ClInclude Include="CScriptMgr.h">
      <Filter>ScriptMgr</Filter>
    </ClInclude>
    <ClInclude Include="CMissileScript_Test.h">
      <Filter>Scripts\Dummy</Filter>
    </ClInclude>
    <ClInclude Include="CMonsterScript_Test.h">
      <Filter>Scripts\Dummy</Filter>
    </ClInclude>
    <ClInclude Include="CPlayerScript_Test.h">
      <Filter>Scripts\Dummy</Filter>
    </ClInclude>
    <ClInclude Include="CPlayerMgr.h">
      <Filter>Manager\PlayerMgr</Filter>
    </ClInclude>
    <ClInclude Include="CGameMgr.h">
      <Filter>Manager\GameMgr</Filter>
    </ClInclude>
    <ClInclude Include="CPlayerScript.h">
      <Filter>Scripts\Unit\Player</Filter>
    </ClInclude>
    <ClInclude Include="CUnitScript.h">
      <Filter>Scripts\Unit</Filter>
    </ClInclude>
    <ClInclude Include="CCornerTriggerScript.h">
      <Filter>Scripts\Platform\CornerTrigger</Filter>
    </ClInclude>
    <ClInclude Include="CWallScript.h">
      <Filter>Scripts\Platform\Wall</Filter>
    </ClInclude>
    <ClInclude Include="CHitboxScript.h">
      <Filter>Scripts\Hitbox</Filter>
    </ClInclude>
    <ClInclude Include="CKoTBigScript.h">
      <Filter>Scripts\Unit\Enemy\KnightOfTimeBig</Filter>
    </ClInclude>
    <ClInclude Include="struct.h">
      <Filter>Header</Filter>
    </ClInclude>
    <ClInclude Include="define.h">
      <Filter>Header</Filter>
    </ClInclude>
    <ClInclude Include="global.h">
      <Filter>Header</Filter>
    </ClInclude>
    <ClInclude Include="CMonsterScript.h">
      <Filter>Scripts\Unit\Enemy</Filter>
    </ClInclude>
    <ClInclude Include="CBloomScript.h">
      <Filter>Scripts\Bloom</Filter>
    </ClInclude>
    <ClInclude Include="CKoTSpear_ProjScript.h">
      <Filter>Scripts\Proj\KoTSpear_Proj</Filter>
    </ClInclude>
    <ClInclude Include="CParallelScript.h">
      <Filter>Scripts\Parallel</Filter>
    </ClInclude>
    <ClInclude Include="CCamCtrlScript.h">
      <Filter>Scripts\CameraController</Filter>
    </ClInclude>
  </ItemGroup>
  <ItemGroup>
    <ClCompile Include="pch.cpp">
      <Filter>Default</Filter>
    </ClCompile>
    <ClCompile Include="Scripts.cpp">
      <Filter>Default</Filter>
    </ClCompile>
    <ClCompile Include="CScriptMgr.cpp">
      <Filter>ScriptMgr</Filter>
    </ClCompile>
    <ClCompile Include="CMissileScript_Test.cpp">
      <Filter>Scripts\Dummy</Filter>
    </ClCompile>
    <ClCompile Include="CMonsterScript_Test.cpp">
      <Filter>Scripts\Dummy</Filter>
    </ClCompile>
    <ClCompile Include="CPlayerScript_Test.cpp">
      <Filter>Scripts\Dummy</Filter>
    </ClCompile>
    <ClCompile Include="CPlayerMgr.cpp">
      <Filter>Manager\PlayerMgr</Filter>
    </ClCompile>
    <ClCompile Include="CGameMgr.cpp">
      <Filter>Manager\GameMgr</Filter>
    </ClCompile>
    <ClCompile Include="CPlayerScript.cpp">
      <Filter>Scripts\Unit\Player</Filter>
    </ClCompile>
    <ClCompile Include="CUnitScript.cpp">
      <Filter>Scripts\Unit</Filter>
    </ClCompile>
    <ClCompile Include="CCornerTriggerScript.cpp">
      <Filter>Scripts\Platform\CornerTrigger</Filter>
    </ClCompile>
    <ClCompile Include="CWallScript.cpp">
      <Filter>Scripts\Platform\Wall</Filter>
    </ClCompile>
    <ClCompile Include="CHitboxScript.cpp">
      <Filter>Scripts\Hitbox</Filter>
    </ClCompile>
    <ClCompile Include="CKoTBigScript.cpp">
      <Filter>Scripts\Unit\Enemy\KnightOfTimeBig</Filter>
    </ClCompile>
    <ClCompile Include="extern.cpp">
      <Filter>Header</Filter>
    </ClCompile>
    <ClCompile Include="CMonsterScript.cpp">
      <Filter>Scripts\Unit\Enemy</Filter>
    </ClCompile>
    <ClCompile Include="CBloomScript.cpp">
      <Filter>Scripts\Bloom</Filter>
    </ClCompile>
    <ClCompile Include="CKoTSpear_ProjScript.cpp">
      <Filter>Scripts\Proj\KoTSpear_Proj</Filter>
    </ClCompile>
    <ClCompile Include="CParallelScript.cpp">
      <Filter>Scripts\Parallel</Filter>
    </ClCompile>
    <ClCompile Include="CCamCtrlScript.cpp">
      <Filter>Scripts\CameraController</Filter>
    </ClCompile>
  </ItemGroup>
  <ItemGroup>
    <Filter Include="Default">
      <UniqueIdentifier>{4f2f6642-c0f0-494a-9d81-0124398fdb95}</UniqueIdentifier>
    </Filter>
    <Filter Include="Scripts">
      <UniqueIdentifier>{af5c3808-4d30-476b-b2ab-d844558017d2}</UniqueIdentifier>
    </Filter>
    <Filter Include="ScriptMgr">
      <UniqueIdentifier>{7145593e-0694-420e-a0e1-38eef2e47fb4}</UniqueIdentifier>
    </Filter>
    <Filter Include="Scripts\Dummy">
      <UniqueIdentifier>{1f12f475-b2cb-4dd4-84e6-e282ced10a1d}</UniqueIdentifier>
    </Filter>
    <Filter Include="Scripts\Unit">
      <UniqueIdentifier>{4df81294-5a06-45c1-8ba4-413d46147310}</UniqueIdentifier>
    </Filter>
    <Filter Include="Scripts\Unit\Player">
      <UniqueIdentifier>{1cf859de-d203-4603-b5a9-56d36a4a181d}</UniqueIdentifier>
    </Filter>
    <Filter Include="Scripts\Platform">
      <UniqueIdentifier>{d46e05a9-6414-4df5-89a5-87891d19d720}</UniqueIdentifier>
    </Filter>
    <Filter Include="Scripts\Platform\Wall">
      <UniqueIdentifier>{a61668dc-6eb2-4d51-89a9-622314d2740b}</UniqueIdentifier>
    </Filter>
    <Filter Include="Scripts\Platform\CornerTrigger">
      <UniqueIdentifier>{bba47db1-2fb4-4b4c-8d5f-2b6e55d10296}</UniqueIdentifier>
    </Filter>
    <Filter Include="Scripts\Unit\Enemy">
      <UniqueIdentifier>{df411cb7-8c48-41e0-9b91-12d74bfb26bc}</UniqueIdentifier>
    </Filter>
    <Filter Include="Scripts\Unit\Enemy\KnightOfTimeBig">
      <UniqueIdentifier>{2a0a7b40-9bb2-4fef-9cc3-e25a93928a0d}</UniqueIdentifier>
    </Filter>
    <Filter Include="Scripts\Hitbox">
      <UniqueIdentifier>{7c6846e7-de7b-4d68-ae64-1bf533dca3f8}</UniqueIdentifier>
    </Filter>
    <Filter Include="Header">
      <UniqueIdentifier>{1dbd8512-ef06-48d5-a44c-5f1357a8e0a9}</UniqueIdentifier>
    </Filter>
    <Filter Include="Manager">
      <UniqueIdentifier>{185fe919-7162-4950-afec-c5f831d3da43}</UniqueIdentifier>
    </Filter>
    <Filter Include="Manager\PlayerMgr">
      <UniqueIdentifier>{84a441f0-289c-4f18-8f0d-575f4497fc46}</UniqueIdentifier>
    </Filter>
    <Filter Include="Manager\GameMgr">
      <UniqueIdentifier>{c235a9f8-27d7-4685-91fc-666ce864f0c1}</UniqueIdentifier>
    </Filter>
    <Filter Include="Scripts\Bloom">
      <UniqueIdentifier>{658e2ef6-0b3e-4ac6-b3e6-1672e626ba6d}</UniqueIdentifier>
    </Filter>
    <Filter Include="Scripts\Proj">
      <UniqueIdentifier>{97aab9e3-ed45-4bfb-b9ec-06ef3ca5c933}</UniqueIdentifier>
    </Filter>
    <Filter Include="Scripts\Proj\KoTSpear_Proj">
      <UniqueIdentifier>{2a696216-48da-4dab-add9-7c6b1827e920}</UniqueIdentifier>
    </Filter>
    <Filter Include="Scripts\Parallel">
      <UniqueIdentifier>{ecd77797-454e-4f50-87bd-b0102d85c537}</UniqueIdentifier>
    </Filter>
    <Filter Include="Scripts\CameraController">
      <UniqueIdentifier>{f23c0f35-4bc1-4d7c-9ea6-e6c4e53e5e28}</UniqueIdentifier>
    </Filter>
  </ItemGroup>
</Project>