<?xml version="1.0" encoding="utf-8"?>
<Project ToolsVersion="4.0" xmlns="http://schemas.microsoft.com/developer/msbuild/2003">
  <ItemGroup>
    <Filter Include="Default">
      <UniqueIdentifier>{001ab9d7-e656-49be-8771-50c97d4a1614}</UniqueIdentifier>
    </Filter>
    <Filter Include="States">
      <UniqueIdentifier>{76c1e4c2-d3df-4952-b9ad-0be3da670c2a}</UniqueIdentifier>
    </Filter>
    <Filter Include="StateMgr">
      <UniqueIdentifier>{362bcb0c-c278-4639-bded-1a733a81f9eb}</UniqueIdentifier>
    </Filter>
    <Filter Include="States\Dummy">
      <UniqueIdentifier>{884800aa-1073-47f6-9fe0-2e16c1475f79}</UniqueIdentifier>
    </Filter>
    <Filter Include="States\Player">
      <UniqueIdentifier>{8664fd06-5daa-4544-ae61-a3db2f4cf73c}</UniqueIdentifier>
    </Filter>
    <Filter Include="States\Player\Idle">
      <UniqueIdentifier>{3e0922d2-2ebf-4d44-b556-43bc62d45878}</UniqueIdentifier>
    </Filter>
    <Filter Include="States\Player\Run">
      <UniqueIdentifier>{8a5f2b84-8124-4a8e-85de-d14f30251069}</UniqueIdentifier>
    </Filter>
    <Filter Include="States\Player\Idle_ToRun">
      <UniqueIdentifier>{a7b58336-d5a0-4836-a5ba-bb4d3aca6f72}</UniqueIdentifier>
    </Filter>
    <Filter Include="States\Player\Run_ToIdle">
      <UniqueIdentifier>{6bc01316-2895-406e-b014-b79a23265ca0}</UniqueIdentifier>
    </Filter>
    <Filter Include="States\Player\Jump_Start">
      <UniqueIdentifier>{a39512bc-858d-4366-bfb2-166d794042e2}</UniqueIdentifier>
    </Filter>
    <Filter Include="States\Player\Jump_Falling">
      <UniqueIdentifier>{1c4cc1e9-435c-4eef-a1e5-41e862b464b9}</UniqueIdentifier>
    </Filter>
    <Filter Include="States\Player\Jump_Landing">
      <UniqueIdentifier>{6530dbe5-87ae-48f7-8644-4c12052e4a58}</UniqueIdentifier>
    </Filter>
    <Filter Include="States\Player\Run_UTurn">
      <UniqueIdentifier>{2bf8af8c-9ddc-4279-83a1-57d0cc570489}</UniqueIdentifier>
    </Filter>
    <Filter Include="States\Player\Idle_UTurn">
      <UniqueIdentifier>{bed0dddf-1ba3-4f30-be81-b4a6ae3fa978}</UniqueIdentifier>
    </Filter>
    <Filter Include="States\Player\Dash">
      <UniqueIdentifier>{18cebd33-e9ea-4b8d-821e-d83ac58c43b6}</UniqueIdentifier>
    </Filter>
    <Filter Include="States\Player\Concentrate_Start">
      <UniqueIdentifier>{6f73aa3a-9269-4c10-9e18-7a340183f7ca}</UniqueIdentifier>
    </Filter>
    <Filter Include="States\Player\Concentrate">
      <UniqueIdentifier>{fcd36940-ffca-4011-bfd3-84be546ee83f}</UniqueIdentifier>
    </Filter>
  </ItemGroup>
  <ItemGroup>
    <ClInclude Include="framework.h">
      <Filter>Default</Filter>
    </ClInclude>
    <ClInclude Include="pch.h">
      <Filter>Default</Filter>
    </ClInclude>
    <ClInclude Include="CStateMgr.h">
      <Filter>StateMgr</Filter>
    </ClInclude>
    <ClInclude Include="CIdleState.h">
      <Filter>States\Dummy</Filter>
    </ClInclude>
    <ClInclude Include="CTraceState.h">
      <Filter>States\Dummy</Filter>
    </ClInclude>
    <ClInclude Include="CPlayerIdle.h">
      <Filter>States\Player\Idle</Filter>
    </ClInclude>
    <ClInclude Include="CPlayerRun.h">
      <Filter>States\Player\Run</Filter>
    </ClInclude>
    <ClInclude Include="CPlayerIdleUTurn.h">
      <Filter>States\Player\Idle_UTurn</Filter>
    </ClInclude>
    <ClInclude Include="CPlayerIdleToRun.h">
      <Filter>States\Player\Idle_ToRun</Filter>
    </ClInclude>
    <ClInclude Include="CPlayerRunToIdle.h">
      <Filter>States\Player\Run_ToIdle</Filter>
    </ClInclude>
    <ClInclude Include="CPlayerJumpStart.h">
      <Filter>States\Player\Jump_Start</Filter>
    </ClInclude>
    <ClInclude Include="CPlayerJumpFalling.h">
      <Filter>States\Player\Jump_Falling</Filter>
    </ClInclude>
    <ClInclude Include="CPlayerJumpLanding.h">
      <Filter>States\Player\Jump_Landing</Filter>
    </ClInclude>
    <ClInclude Include="CPlayerRunUTurn.h">
      <Filter>States\Player\Run_UTurn</Filter>
    </ClInclude>
    <ClInclude Include="CPlayerDash.h">
      <Filter>States\Player\Dash</Filter>
    </ClInclude>
    <ClInclude Include="define.h">
      <Filter>States</Filter>
    </ClInclude>
  </ItemGroup>
  <ItemGroup>
    <ClCompile Include="pch.cpp">
      <Filter>Default</Filter>
    </ClCompile>
    <ClCompile Include="States.cpp">
      <Filter>Default</Filter>
    </ClCompile>
    <ClCompile Include="CStateMgr.cpp">
      <Filter>StateMgr</Filter>
    </ClCompile>
    <ClCompile Include="CIdleState.cpp">
      <Filter>States\Dummy</Filter>
    </ClCompile>
    <ClCompile Include="CTraceState.cpp">
      <Filter>States\Dummy</Filter>
    </ClCompile>
    <ClCompile Include="CPlayerIdle.cpp">
      <Filter>States\Player\Idle</Filter>
    </ClCompile>
    <ClCompile Include="CPlayerRun.cpp">
      <Filter>States\Player\Run</Filter>
    </ClCompile>
    <ClCompile Include="CPlayerIdleUTurn.cpp">
      <Filter>States\Player\Idle_UTurn</Filter>
    </ClCompile>
    <ClCompile Include="CPlayerIdleToRun.cpp">
      <Filter>States\Player\Idle_ToRun</Filter>
    </ClCompile>
    <ClCompile Include="CPlayerRunToIdle.cpp">
      <Filter>States\Player\Run_ToIdle</Filter>
    </ClCompile>
    <ClCompile Include="CPlayerJumpStart.cpp">
      <Filter>States\Player\Jump_Start</Filter>
    </ClCompile>
    <ClCompile Include="CPlayerJumpFalling.cpp">
      <Filter>States\Player\Jump_Falling</Filter>
    </ClCompile>
    <ClCompile Include="CPlayerJumpLanding.cpp">
      <Filter>States\Player\Jump_Landing</Filter>
    </ClCompile>
    <ClCompile Include="CPlayerRunUTurn.cpp">
      <Filter>States\Player\Run_UTurn</Filter>
    </ClCompile>
    <ClCompile Include="CPlayerDash.cpp">
      <Filter>States\Player\Dash</Filter>
    </ClCompile>
  </ItemGroup>
</Project>