<?xml version="1.0" encoding="utf-8"?>
<Project ToolsVersion="4.0" xmlns="http://schemas.microsoft.com/developer/msbuild/2003">
  <ItemGroup>
    <Filter Include="Default">
      <UniqueIdentifier>{001ab9d7-e656-49be-8771-50c97d4a1614}</UniqueIdentifier>
    </Filter>
    <Filter Include="States">
      <UniqueIdentifier>{76c1e4c2-d3df-4952-b9ad-0be3da670c2a}</UniqueIdentifier>
    </Filter>
    <Filter Include="StateMgr">
      <UniqueIdentifier>{362bcb0c-c278-4639-bded-1a733a81f9eb}</UniqueIdentifier>
    </Filter>
    <Filter Include="States\Dummy">
      <UniqueIdentifier>{884800aa-1073-47f6-9fe0-2e16c1475f79}</UniqueIdentifier>
    </Filter>
    <Filter Include="States\Player">
      <UniqueIdentifier>{8664fd06-5daa-4544-ae61-a3db2f4cf73c}</UniqueIdentifier>
    </Filter>
    <Filter Include="States\Player\Idle">
      <UniqueIdentifier>{3e0922d2-2ebf-4d44-b556-43bc62d45878}</UniqueIdentifier>
    </Filter>
    <Filter Include="States\Player\Run">
      <UniqueIdentifier>{8a5f2b84-8124-4a8e-85de-d14f30251069}</UniqueIdentifier>
    </Filter>
  </ItemGroup>
  <ItemGroup>
    <ClInclude Include="framework.h">
      <Filter>Default</Filter>
    </ClInclude>
    <ClInclude Include="pch.h">
      <Filter>Default</Filter>
    </ClInclude>
    <ClInclude Include="CStateMgr.h">
      <Filter>StateMgr</Filter>
    </ClInclude>
    <ClInclude Include="CIdleState.h">
      <Filter>States\Dummy</Filter>
    </ClInclude>
    <ClInclude Include="CTraceState.h">
      <Filter>States\Dummy</Filter>
    </ClInclude>
    <ClInclude Include="CPlayerIdle.h">
      <Filter>States\Player\Idle</Filter>
    </ClInclude>
    <ClInclude Include="CPlayerRun.h">
      <Filter>States\Player\Run</Filter>
    </ClInclude>
  </ItemGroup>
  <ItemGroup>
    <ClCompile Include="pch.cpp">
      <Filter>Default</Filter>
    </ClCompile>
    <ClCompile Include="States.cpp">
      <Filter>Default</Filter>
    </ClCompile>
    <ClCompile Include="CStateMgr.cpp">
      <Filter>StateMgr</Filter>
    </ClCompile>
    <ClCompile Include="CIdleState.cpp">
      <Filter>States\Dummy</Filter>
    </ClCompile>
    <ClCompile Include="CTraceState.cpp">
      <Filter>States\Dummy</Filter>
    </ClCompile>
    <ClCompile Include="CPlayerIdle.cpp">
      <Filter>States\Player\Idle</Filter>
    </ClCompile>
    <ClCompile Include="CPlayerRun.cpp">
      <Filter>States\Player\Run</Filter>
    </ClCompile>
  </ItemGroup>
</Project>